Microsoft Visual Studio Solution File, Format Version 12.00
# Visual Studio 15
VisualStudioVersion = 15.0.27428.2015
MinimumVisualStudioVersion = 10.0.40219.1
Project("{2150E333-8FDC-42A3-9474-1A3956D46DE8}") = "Application", "Application", "{269F7B95-B006-4A07-902A-254EE3F20BAA}"
EndProject
Project("{2150E333-8FDC-42A3-9474-1A3956D46DE8}") = "Site", "Site", "{B7757FC6-DC73-4C73-93F6-FB4EDB164923}"
EndProject
Project("{2150E333-8FDC-42A3-9474-1A3956D46DE8}") = "Infrastructure", "Infrastructure", "{25D813DA-FBA8-4E23-9579-0F4AD34AC918}"
EndProject
Project("{2150E333-8FDC-42A3-9474-1A3956D46DE8}") = "Config", "Config", "{7FFE3F5D-0994-497B-8200-A6CB531AB4AD}"
EndProject
Project("{2150E333-8FDC-42A3-9474-1A3956D46DE8}") = "Contract", "Contract", "{639F032B-E031-48DE-8108-57FC8514DCA7}"
EndProject
Project("{2150E333-8FDC-42A3-9474-1A3956D46DE8}") = "BusinessContract", "BusinessContract", "{64F48B38-CD4A-41DD-AE01-96BC51166ED4}"
EndProject
Project("{2150E333-8FDC-42A3-9474-1A3956D46DE8}") = "DataAccessContract", "DataAccessContract", "{17DD48C9-FEE4-4350-A17B-56327413930F}"
EndProject
Project("{2150E333-8FDC-42A3-9474-1A3956D46DE8}") = "ServiceContract", "ServiceContract", "{0C12571E-0C35-402C-9DDB-6082B19E7979}"
EndProject
Project("{2150E333-8FDC-42A3-9474-1A3956D46DE8}") = "DataAccess", "DataAccess", "{23FF2924-8967-4E12-AE98-701A665B47F3}"
EndProject
Project("{2150E333-8FDC-42A3-9474-1A3956D46DE8}") = "Model", "Model", "{36C28118-5A11-4A27-A007-B90537C21551}"
EndProject
Project("{2150E333-8FDC-42A3-9474-1A3956D46DE8}") = "DTO", "DTO", "{DA0ABE83-D7B6-48F9-8F5F-7272B8E412E2}"
EndProject
Project("{2150E333-8FDC-42A3-9474-1A3956D46DE8}") = "Entity", "Entity", "{28F6F7EF-1B83-4EF7-B6CD-680B8CA35D3E}"
EndProject
Project("{2150E333-8FDC-42A3-9474-1A3956D46DE8}") = "Presentation", "Presentation", "{91007119-383B-4EAE-99C5-D8FBE8502D53}"
EndProject
Project("{2150E333-8FDC-42A3-9474-1A3956D46DE8}") = "Query", "Query", "{9AE825DE-72A1-4C57-B309-6468A239BE08}"
EndProject
Project("{2150E333-8FDC-42A3-9474-1A3956D46DE8}") = "Repository", "Repository", "{E83D65FD-9ADD-4F3F-B2DC-31CD00A60864}"
EndProject
Project("{2150E333-8FDC-42A3-9474-1A3956D46DE8}") = "Logic", "Logic", "{73E82940-AE16-403C-A840-4A1F1F1A09B7}"
EndProject
Project("{2150E333-8FDC-42A3-9474-1A3956D46DE8}") = "Business", "Business", "{0A0C006A-0220-454D-92CB-0AFC3F3E1696}"
EndProject
Project("{2150E333-8FDC-42A3-9474-1A3956D46DE8}") = "Domain", "Domain", "{165C7DD1-68A1-4B71-9C5F-465B631ED016}"
EndProject
Project("{2150E333-8FDC-42A3-9474-1A3956D46DE8}") = "Implement", "Implement", "{7F5A1F73-41D1-4286-84F5-46262CCF7D6F}"
EndProject
Project("{2150E333-8FDC-42A3-9474-1A3956D46DE8}") = "Service", "Service", "{C5069850-3AC7-4C4F-8D4D-3EBB6564CEA4}"
EndProject
Project("{9A19103F-16F7-4668-BE54-9A1E7A4F7556}") = "MicBeach.Entity.Sys", "Infrastructure\Model\Entity\MicBeach.Entity.Sys\MicBeach.Entity.Sys.csproj", "{914C4936-C433-45B1-A6BF-8E28CB52C180}"
EndProject
Project("{9A19103F-16F7-4668-BE54-9A1E7A4F7556}") = "MicBeach.DTO.Sys", "Infrastructure\Model\DTO\MicBeach.DTO.Sys\MicBeach.DTO.Sys.csproj", "{3BFED882-2056-46A4-AA26-F162CA1E53C8}"
EndProject
Project("{9A19103F-16F7-4668-BE54-9A1E7A4F7556}") = "MicBeach.ViewModel.Sys", "Infrastructure\Model\Presentation\MicBeach.ViewModel.Sys\MicBeach.ViewModel.Sys.csproj", "{AF31FA5D-53AB-4B48-8DAF-FFEFEF16F7D1}"
EndProject
Project("{9A19103F-16F7-4668-BE54-9A1E7A4F7556}") = "MicBeach.Query.Sys", "Infrastructure\Model\Query\MicBeach.Query.Sys\MicBeach.Query.Sys.csproj", "{5A7D8D0B-27B2-4D1A-99B4-1FBE3B138120}"
EndProject
Project("{9A19103F-16F7-4668-BE54-9A1E7A4F7556}") = "MicBeach.DataAccessContract.Sys", "Infrastructure\Contract\DataAccessContract\MicBeach.DataAccessContract.Sys\MicBeach.DataAccessContract.Sys.csproj", "{D22B817C-2AFB-4508-B9C7-7E37B018468B}"
EndProject
Project("{9A19103F-16F7-4668-BE54-9A1E7A4F7556}") = "MicBeach.BusinessContract.Sys", "Infrastructure\Contract\BusinessContract\MicBeach.BusinessContract.Sys\MicBeach.BusinessContract.Sys.csproj", "{7B45B2C0-EAC1-4562-93C2-5F436F02AB2E}"
EndProject
Project("{9A19103F-16F7-4668-BE54-9A1E7A4F7556}") = "MicBeach.ServiceContract.Sys", "Infrastructure\Contract\ServiceContract\MicBeach.ServiceContract.Sys\MicBeach.ServiceContract.Sys.csproj", "{AF2517F6-3C0C-4BCB-9BC6-F1CD3FA2757D}"
EndProject
Project("{9A19103F-16F7-4668-BE54-9A1E7A4F7556}") = "MicBeach.DataAccess.Sys", "Infrastructure\DataAccess\MicBeach.DataAccess.Sys\MicBeach.DataAccess.Sys.csproj", "{59D5C9C5-6352-4603-852B-654F3239D364}"
EndProject
Project("{9A19103F-16F7-4668-BE54-9A1E7A4F7556}") = "MicBeach.Domain.Sys", "Logic\Business\Domain\MicBeach.Domain.Sys\MicBeach.Domain.Sys.csproj", "{38657EC7-CA9B-46BA-88EB-368908D08931}"
EndProject
Project("{9A19103F-16F7-4668-BE54-9A1E7A4F7556}") = "MicBeach.Business.Sys", "Logic\Business\Implement\MicBeach.Business.Sys\MicBeach.Business.Sys.csproj", "{D25D9202-510C-4D87-8E2F-BA0B0EBD5322}"
EndProject
Project("{9A19103F-16F7-4668-BE54-9A1E7A4F7556}") = "MicBeach.Repository.Sys", "Infrastructure\Repository\MicBeach.Repository.Sys\MicBeach.Repository.Sys.csproj", "{3B4F6ECB-2E81-42CF-B029-A1562AAFACD3}"
EndProject
Project("{9A19103F-16F7-4668-BE54-9A1E7A4F7556}") = "MicBeach.Service.Sys", "Logic\Service\MicBeach.Service.Sys\MicBeach.Service.Sys.csproj", "{FC98BFCC-BE69-4FE7-BFEF-31611213E05E}"
EndProject
Project("{9A19103F-16F7-4668-BE54-9A1E7A4F7556}") = "App.DBConfig", "Infrastructure\Config\App.DBConfig\App.DBConfig.csproj", "{088FAA42-88B4-4E55-907C-2121F66C574B}"
EndProject
Project("{9A19103F-16F7-4668-BE54-9A1E7A4F7556}") = "App.Mapper", "Infrastructure\Config\App.Mapper\App.Mapper.csproj", "{68C77393-862E-4E79-A7E1-E3EEAF489FFC}"
EndProject
Project("{9A19103F-16F7-4668-BE54-9A1E7A4F7556}") = "App.IoC", "Infrastructure\Config\App.IoC\App.IoC.csproj", "{0E3F010F-FEC0-4257-AC0A-C7E3CD8EABD4}"
EndProject
Project("{9A19103F-16F7-4668-BE54-9A1E7A4F7556}") = "Site.Cms.Config", "Infrastructure\Config\Site.Cms.Config\Site.Cms.Config.csproj", "{05550320-0EE3-4F96-B94F-EF5085CA24AB}"
EndProject
Project("{9A19103F-16F7-4668-BE54-9A1E7A4F7556}") = "MicBeach.ViewModel.Common", "Infrastructure\Model\Presentation\MicBeach.ViewModel.Common\MicBeach.ViewModel.Common.csproj", "{9DEECFCA-4689-4564-A8E1-4A979F09624C}"
EndProject
Project("{9A19103F-16F7-4668-BE54-9A1E7A4F7556}") = "Site.Cms", "Application\Site\Site.Cms\Site.Cms.csproj", "{7A7EF288-4B79-4263-ABC3-E7A08DC836EA}"
EndProject
Global
	GlobalSection(SolutionConfigurationPlatforms) = preSolution
		Debug|Any CPU = Debug|Any CPU
		Release|Any CPU = Release|Any CPU
	EndGlobalSection
	GlobalSection(ProjectConfigurationPlatforms) = postSolution
		{914C4936-C433-45B1-A6BF-8E28CB52C180}.Debug|Any CPU.ActiveCfg = Debug|Any CPU
		{914C4936-C433-45B1-A6BF-8E28CB52C180}.Debug|Any CPU.Build.0 = Debug|Any CPU
		{914C4936-C433-45B1-A6BF-8E28CB52C180}.Release|Any CPU.ActiveCfg = Release|Any CPU
		{914C4936-C433-45B1-A6BF-8E28CB52C180}.Release|Any CPU.Build.0 = Release|Any CPU
		{3BFED882-2056-46A4-AA26-F162CA1E53C8}.Debug|Any CPU.ActiveCfg = Debug|Any CPU
		{3BFED882-2056-46A4-AA26-F162CA1E53C8}.Debug|Any CPU.Build.0 = Debug|Any CPU
		{3BFED882-2056-46A4-AA26-F162CA1E53C8}.Release|Any CPU.ActiveCfg = Release|Any CPU
		{3BFED882-2056-46A4-AA26-F162CA1E53C8}.Release|Any CPU.Build.0 = Release|Any CPU
		{AF31FA5D-53AB-4B48-8DAF-FFEFEF16F7D1}.Debug|Any CPU.ActiveCfg = Debug|Any CPU
		{AF31FA5D-53AB-4B48-8DAF-FFEFEF16F7D1}.Debug|Any CPU.Build.0 = Debug|Any CPU
		{AF31FA5D-53AB-4B48-8DAF-FFEFEF16F7D1}.Release|Any CPU.ActiveCfg = Release|Any CPU
		{AF31FA5D-53AB-4B48-8DAF-FFEFEF16F7D1}.Release|Any CPU.Build.0 = Release|Any CPU
		{5A7D8D0B-27B2-4D1A-99B4-1FBE3B138120}.Debug|Any CPU.ActiveCfg = Debug|Any CPU
		{5A7D8D0B-27B2-4D1A-99B4-1FBE3B138120}.Debug|Any CPU.Build.0 = Debug|Any CPU
		{5A7D8D0B-27B2-4D1A-99B4-1FBE3B138120}.Release|Any CPU.ActiveCfg = Release|Any CPU
		{5A7D8D0B-27B2-4D1A-99B4-1FBE3B138120}.Release|Any CPU.Build.0 = Release|Any CPU
		{D22B817C-2AFB-4508-B9C7-7E37B018468B}.Debug|Any CPU.ActiveCfg = Debug|Any CPU
		{D22B817C-2AFB-4508-B9C7-7E37B018468B}.Debug|Any CPU.Build.0 = Debug|Any CPU
		{D22B817C-2AFB-4508-B9C7-7E37B018468B}.Release|Any CPU.ActiveCfg = Release|Any CPU
		{D22B817C-2AFB-4508-B9C7-7E37B018468B}.Release|Any CPU.Build.0 = Release|Any CPU
		{7B45B2C0-EAC1-4562-93C2-5F436F02AB2E}.Debug|Any CPU.ActiveCfg = Debug|Any CPU
		{7B45B2C0-EAC1-4562-93C2-5F436F02AB2E}.Debug|Any CPU.Build.0 = Debug|Any CPU
		{7B45B2C0-EAC1-4562-93C2-5F436F02AB2E}.Release|Any CPU.ActiveCfg = Release|Any CPU
		{7B45B2C0-EAC1-4562-93C2-5F436F02AB2E}.Release|Any CPU.Build.0 = Release|Any CPU
		{AF2517F6-3C0C-4BCB-9BC6-F1CD3FA2757D}.Debug|Any CPU.ActiveCfg = Debug|Any CPU
		{AF2517F6-3C0C-4BCB-9BC6-F1CD3FA2757D}.Debug|Any CPU.Build.0 = Debug|Any CPU
		{AF2517F6-3C0C-4BCB-9BC6-F1CD3FA2757D}.Release|Any CPU.ActiveCfg = Release|Any CPU
		{AF2517F6-3C0C-4BCB-9BC6-F1CD3FA2757D}.Release|Any CPU.Build.0 = Release|Any CPU
		{59D5C9C5-6352-4603-852B-654F3239D364}.Debug|Any CPU.ActiveCfg = Debug|Any CPU
		{59D5C9C5-6352-4603-852B-654F3239D364}.Debug|Any CPU.Build.0 = Debug|Any CPU
		{59D5C9C5-6352-4603-852B-654F3239D364}.Release|Any CPU.ActiveCfg = Release|Any CPU
		{59D5C9C5-6352-4603-852B-654F3239D364}.Release|Any CPU.Build.0 = Release|Any CPU
		{38657EC7-CA9B-46BA-88EB-368908D08931}.Debug|Any CPU.ActiveCfg = Debug|Any CPU
		{38657EC7-CA9B-46BA-88EB-368908D08931}.Debug|Any CPU.Build.0 = Debug|Any CPU
		{38657EC7-CA9B-46BA-88EB-368908D08931}.Release|Any CPU.ActiveCfg = Release|Any CPU
		{38657EC7-CA9B-46BA-88EB-368908D08931}.Release|Any CPU.Build.0 = Release|Any CPU
		{D25D9202-510C-4D87-8E2F-BA0B0EBD5322}.Debug|Any CPU.ActiveCfg = Debug|Any CPU
		{D25D9202-510C-4D87-8E2F-BA0B0EBD5322}.Debug|Any CPU.Build.0 = Debug|Any CPU
		{D25D9202-510C-4D87-8E2F-BA0B0EBD5322}.Release|Any CPU.ActiveCfg = Release|Any CPU
		{D25D9202-510C-4D87-8E2F-BA0B0EBD5322}.Release|Any CPU.Build.0 = Release|Any CPU
		{3B4F6ECB-2E81-42CF-B029-A1562AAFACD3}.Debug|Any CPU.ActiveCfg = Debug|Any CPU
		{3B4F6ECB-2E81-42CF-B029-A1562AAFACD3}.Debug|Any CPU.Build.0 = Debug|Any CPU
		{3B4F6ECB-2E81-42CF-B029-A1562AAFACD3}.Release|Any CPU.ActiveCfg = Release|Any CPU
		{3B4F6ECB-2E81-42CF-B029-A1562AAFACD3}.Release|Any CPU.Build.0 = Release|Any CPU
		{FC98BFCC-BE69-4FE7-BFEF-31611213E05E}.Debug|Any CPU.ActiveCfg = Debug|Any CPU
		{FC98BFCC-BE69-4FE7-BFEF-31611213E05E}.Debug|Any CPU.Build.0 = Debug|Any CPU
		{FC98BFCC-BE69-4FE7-BFEF-31611213E05E}.Release|Any CPU.ActiveCfg = Release|Any CPU
		{FC98BFCC-BE69-4FE7-BFEF-31611213E05E}.Release|Any CPU.Build.0 = Release|Any CPU
		{088FAA42-88B4-4E55-907C-2121F66C574B}.Debug|Any CPU.ActiveCfg = Debug|Any CPU
		{088FAA42-88B4-4E55-907C-2121F66C574B}.Debug|Any CPU.Build.0 = Debug|Any CPU
		{088FAA42-88B4-4E55-907C-2121F66C574B}.Release|Any CPU.ActiveCfg = Release|Any CPU
		{088FAA42-88B4-4E55-907C-2121F66C574B}.Release|Any CPU.Build.0 = Release|Any CPU
		{68C77393-862E-4E79-A7E1-E3EEAF489FFC}.Debug|Any CPU.ActiveCfg = Debug|Any CPU
		{68C77393-862E-4E79-A7E1-E3EEAF489FFC}.Debug|Any CPU.Build.0 = Debug|Any CPU
		{68C77393-862E-4E79-A7E1-E3EEAF489FFC}.Release|Any CPU.ActiveCfg = Release|Any CPU
		{68C77393-862E-4E79-A7E1-E3EEAF489FFC}.Release|Any CPU.Build.0 = Release|Any CPU
		{0E3F010F-FEC0-4257-AC0A-C7E3CD8EABD4}.Debug|Any CPU.ActiveCfg = Debug|Any CPU
		{0E3F010F-FEC0-4257-AC0A-C7E3CD8EABD4}.Debug|Any CPU.Build.0 = Debug|Any CPU
		{0E3F010F-FEC0-4257-AC0A-C7E3CD8EABD4}.Release|Any CPU.ActiveCfg = Release|Any CPU
		{0E3F010F-FEC0-4257-AC0A-C7E3CD8EABD4}.Release|Any CPU.Build.0 = Release|Any CPU
		{05550320-0EE3-4F96-B94F-EF5085CA24AB}.Debug|Any CPU.ActiveCfg = Debug|Any CPU
		{05550320-0EE3-4F96-B94F-EF5085CA24AB}.Debug|Any CPU.Build.0 = Debug|Any CPU
		{05550320-0EE3-4F96-B94F-EF5085CA24AB}.Release|Any CPU.ActiveCfg = Release|Any CPU
		{05550320-0EE3-4F96-B94F-EF5085CA24AB}.Release|Any CPU.Build.0 = Release|Any CPU
		{9DEECFCA-4689-4564-A8E1-4A979F09624C}.Debug|Any CPU.ActiveCfg = Debug|Any CPU
		{9DEECFCA-4689-4564-A8E1-4A979F09624C}.Debug|Any CPU.Build.0 = Debug|Any CPU
		{9DEECFCA-4689-4564-A8E1-4A979F09624C}.Release|Any CPU.ActiveCfg = Release|Any CPU
		{9DEECFCA-4689-4564-A8E1-4A979F09624C}.Release|Any CPU.Build.0 = Release|Any CPU
		{7A7EF288-4B79-4263-ABC3-E7A08DC836EA}.Debug|Any CPU.ActiveCfg = Debug|Any CPU
		{7A7EF288-4B79-4263-ABC3-E7A08DC836EA}.Debug|Any CPU.Build.0 = Debug|Any CPU
		{7A7EF288-4B79-4263-ABC3-E7A08DC836EA}.Release|Any CPU.ActiveCfg = Release|Any CPU
		{7A7EF288-4B79-4263-ABC3-E7A08DC836EA}.Release|Any CPU.Build.0 = Release|Any CPU
	EndGlobalSection
	GlobalSection(SolutionProperties) = preSolution
		HideSolutionNode = FALSE
	EndGlobalSection
	GlobalSection(NestedProjects) = preSolution
		{B7757FC6-DC73-4C73-93F6-FB4EDB164923} = {269F7B95-B006-4A07-902A-254EE3F20BAA}
		{7FFE3F5D-0994-497B-8200-A6CB531AB4AD} = {25D813DA-FBA8-4E23-9579-0F4AD34AC918}
		{639F032B-E031-48DE-8108-57FC8514DCA7} = {25D813DA-FBA8-4E23-9579-0F4AD34AC918}
		{64F48B38-CD4A-41DD-AE01-96BC51166ED4} = {639F032B-E031-48DE-8108-57FC8514DCA7}
		{17DD48C9-FEE4-4350-A17B-56327413930F} = {639F032B-E031-48DE-8108-57FC8514DCA7}
		{0C12571E-0C35-402C-9DDB-6082B19E7979} = {639F032B-E031-48DE-8108-57FC8514DCA7}
		{23FF2924-8967-4E12-AE98-701A665B47F3} = {25D813DA-FBA8-4E23-9579-0F4AD34AC918}
		{36C28118-5A11-4A27-A007-B90537C21551} = {25D813DA-FBA8-4E23-9579-0F4AD34AC918}
		{DA0ABE83-D7B6-48F9-8F5F-7272B8E412E2} = {36C28118-5A11-4A27-A007-B90537C21551}
		{28F6F7EF-1B83-4EF7-B6CD-680B8CA35D3E} = {36C28118-5A11-4A27-A007-B90537C21551}
		{91007119-383B-4EAE-99C5-D8FBE8502D53} = {36C28118-5A11-4A27-A007-B90537C21551}
		{9AE825DE-72A1-4C57-B309-6468A239BE08} = {36C28118-5A11-4A27-A007-B90537C21551}
		{E83D65FD-9ADD-4F3F-B2DC-31CD00A60864} = {25D813DA-FBA8-4E23-9579-0F4AD34AC918}
		{0A0C006A-0220-454D-92CB-0AFC3F3E1696} = {73E82940-AE16-403C-A840-4A1F1F1A09B7}
		{165C7DD1-68A1-4B71-9C5F-465B631ED016} = {0A0C006A-0220-454D-92CB-0AFC3F3E1696}
		{7F5A1F73-41D1-4286-84F5-46262CCF7D6F} = {0A0C006A-0220-454D-92CB-0AFC3F3E1696}
		{C5069850-3AC7-4C4F-8D4D-3EBB6564CEA4} = {73E82940-AE16-403C-A840-4A1F1F1A09B7}
		{914C4936-C433-45B1-A6BF-8E28CB52C180} = {28F6F7EF-1B83-4EF7-B6CD-680B8CA35D3E}
		{3BFED882-2056-46A4-AA26-F162CA1E53C8} = {DA0ABE83-D7B6-48F9-8F5F-7272B8E412E2}
		{AF31FA5D-53AB-4B48-8DAF-FFEFEF16F7D1} = {91007119-383B-4EAE-99C5-D8FBE8502D53}
		{5A7D8D0B-27B2-4D1A-99B4-1FBE3B138120} = {9AE825DE-72A1-4C57-B309-6468A239BE08}
		{D22B817C-2AFB-4508-B9C7-7E37B018468B} = {17DD48C9-FEE4-4350-A17B-56327413930F}
		{7B45B2C0-EAC1-4562-93C2-5F436F02AB2E} = {64F48B38-CD4A-41DD-AE01-96BC51166ED4}
		{AF2517F6-3C0C-4BCB-9BC6-F1CD3FA2757D} = {0C12571E-0C35-402C-9DDB-6082B19E7979}
		{59D5C9C5-6352-4603-852B-654F3239D364} = {23FF2924-8967-4E12-AE98-701A665B47F3}
		{38657EC7-CA9B-46BA-88EB-368908D08931} = {165C7DD1-68A1-4B71-9C5F-465B631ED016}
		{D25D9202-510C-4D87-8E2F-BA0B0EBD5322} = {7F5A1F73-41D1-4286-84F5-46262CCF7D6F}
		{3B4F6ECB-2E81-42CF-B029-A1562AAFACD3} = {E83D65FD-9ADD-4F3F-B2DC-31CD00A60864}
		{FC98BFCC-BE69-4FE7-BFEF-31611213E05E} = {C5069850-3AC7-4C4F-8D4D-3EBB6564CEA4}
		{088FAA42-88B4-4E55-907C-2121F66C574B} = {7FFE3F5D-0994-497B-8200-A6CB531AB4AD}
		{68C77393-862E-4E79-A7E1-E3EEAF489FFC} = {7FFE3F5D-0994-497B-8200-A6CB531AB4AD}
		{0E3F010F-FEC0-4257-AC0A-C7E3CD8EABD4} = {7FFE3F5D-0994-497B-8200-A6CB531AB4AD}
		{05550320-0EE3-4F96-B94F-EF5085CA24AB} = {7FFE3F5D-0994-497B-8200-A6CB531AB4AD}
		{9DEECFCA-4689-4564-A8E1-4A979F09624C} = {91007119-383B-4EAE-99C5-D8FBE8502D53}
		{7A7EF288-4B79-4263-ABC3-E7A08DC836EA} = {B7757FC6-DC73-4C73-93F6-FB4EDB164923}
	EndGlobalSection
	GlobalSection(ExtensibilityGlobals) = postSolution
		SolutionGuid = {C0963A6C-D95C-48EA-A03D-2271E13B48ED}
	EndGlobalSection
EndGlobal
